PODS:
  - DataFixture (2.0.0):
    - DataFixture/Basic (= 2.0.0)
    - Fakery
  - DataFixture/Basic (2.0.0):
    - Fakery
  - DataFixture/RealmSeeder (2.0.0):
    - Fakery
    - RealmSwift
  - Fakery (4.1.1)
  - Realm (10.1.1):
    - Realm/Headers (= 10.1.1)
  - Realm/Headers (10.1.1)
  - RealmSwift (10.1.1):
    - Realm (= 10.1.1)
  - SwiftLint (0.40.3)

DEPENDENCIES:
  - DataFixture (from `../`)
  - DataFixture/RealmSeeder (from `../`)
  - SwiftLint

SPEC REPOS:
  trunk:
    - Fakery
    - Realm
    - RealmSwift
    - SwiftLint

EXTERNAL SOURCES:
  DataFixture:
    :path: "../"

SPEC CHECKSUMS:
  DataFixture: 9918133acd1b3f8817671d5696705a5b742707ca
  Fakery: d3380c4aa1efe7631c0831d7e26aa9db4491f014
  Realm: 784ca1da1453e31a9c9adc14445421a81f316119
  RealmSwift: cc52fe0dcea56387274dff36e19219e055a3bb84
  SwiftLint: dfd554ff0dff17288ee574814ccdd5cea85d76f7

PODFILE CHECKSUM: 283e6f99982a884fde9508e5ed8aaad83883805f

COCOAPODS: 1.10.0
